// !$*UTF8*$!
{
	archiveVersion = 1;
	classes = {
	};
	objectVersion = 46;
	objects = {

/* Begin PBXBuildFile section */
		14B4D87E1924E31E00CBEB62 /* Cocoa.framework in Frameworks */ = {isa = PBXBuildFile; fileRef = 14B4D87D1924E31E00CBEB62 /* Cocoa.framework */; };
		14B4D8881924E31E00CBEB62 /* InfoPlist.strings in Resources */ = {isa = PBXBuildFile; fileRef = 14B4D8861924E31E00CBEB62 /* InfoPlist.strings */; };
		14B4D88A1924E31E00CBEB62 /* main.m in Sources */ = {isa = PBXBuildFile; fileRef = 14B4D8891924E31E00CBEB62 /* main.m */; };
		14B4D88E1924E31E00CBEB62 /* Credits.rtf in Resources */ = {isa = PBXBuildFile; fileRef = 14B4D88C1924E31E00CBEB62 /* Credits.rtf */; };
		14B4D8911924E31E00CBEB62 /* SZNAppDelegate.m in Sources */ = {isa = PBXBuildFile; fileRef = 14B4D8901924E31E00CBEB62 /* SZNAppDelegate.m */; };
		14B4D8941924E31E00CBEB62 /* MainMenu.xib in Resources */ = {isa = PBXBuildFile; fileRef = 14B4D8921924E31E00CBEB62 /* MainMenu.xib */; };
		14B4D8961924E31E00CBEB62 /* Images.xcassets in Resources */ = {isa = PBXBuildFile; fileRef = 14B4D8951924E31E00CBEB62 /* Images.xcassets */; };
		14B4D89D1924E31E00CBEB62 /* XCTest.framework in Frameworks */ = {isa = PBXBuildFile; fileRef = 14B4D89C1924E31E00CBEB62 /* XCTest.framework */; };
		14B4D89E1924E31E00CBEB62 /* Cocoa.framework in Frameworks */ = {isa = PBXBuildFile; fileRef = 14B4D87D1924E31E00CBEB62 /* Cocoa.framework */; };
		14B4D8A61924E31E00CBEB62 /* InfoPlist.strings in Resources */ = {isa = PBXBuildFile; fileRef = 14B4D8A41924E31E00CBEB62 /* InfoPlist.strings */; };
		14B4D8A81924E31E00CBEB62 /* Lab_TimerTests.m in Sources */ = {isa = PBXBuildFile; fileRef = 14B4D8A71924E31E00CBEB62 /* Lab_TimerTests.m */; };
/* End PBXBuildFile section */

/* Begin PBXContainerItemProxy section */
		14B4D89F1924E31E00CBEB62 /* PBXContainerItemProxy */ = {
			isa = PBXContainerItemProxy;
			containerPortal = 14B4D8721924E31E00CBEB62 /* Project object */;
			proxyType = 1;
			remoteGlobalIDString = 14B4D8791924E31E00CBEB62;
			remoteInfo = "Lab Timer";
		};
/* End PBXContainerItemProxy section */

/* Begin PBXFileReference section */
		14B4D87A1924E31E00CBEB62 /* Lab Timer.app */ = {isa = PBXFileReference; explicitFileType = wrapper.application; includeInIndex = 0; path = "Lab Timer.app"; sourceTree = BUILT_PRODUCTS_DIR; };
		14B4D87D1924E31E00CBEB62 /* Cocoa.framework */ = {isa = PBXFileReference; lastKnownFileType = wrapper.framework; name = Cocoa.framework; path = System/Library/Frameworks/Cocoa.framework; sourceTree = SDKROOT; };
		14B4D8801924E31E00CBEB62 /* AppKit.framework */ = {isa = PBXFileReference; lastKnownFileType = wrapper.framework; name = AppKit.framework; path = System/Library/Frameworks/AppKit.framework; sourceTree = SDKROOT; };
		14B4D8811924E31E00CBEB62 /* CoreData.framework */ = {isa = PBXFileReference; lastKnownFileType = wrapper.framework; name = CoreData.framework; path = System/Library/Frameworks/CoreData.framework; sourceTree = SDKROOT; };
		14B4D8821924E31E00CBEB62 /* Foundation.framework */ = {isa = PBXFileReference; lastKnownFileType = wrapper.framework; name = Foundation.framework; path = System/Library/Frameworks/Foundation.framework; sourceTree = SDKROOT; };
		14B4D8851924E31E00CBEB62 /* Lab Timer-Info.plist */ = {isa = PBXFileReference; lastKnownFileType = text.plist.xml; path = "Lab Timer-Info.plist"; sourceTree = "<group>"; };
		14B4D8871924E31E00CBEB62 /* en */ = {isa = PBXFileReference; lastKnownFileType = text.plist.strings; name = en; path = en.lproj/InfoPlist.strings; sourceTree = "<group>"; };
		14B4D8891924E31E00CBEB62 /* main.m */ = {isa = PBXFileReference; lastKnownFileType = sourcecode.c.objc; path = main.m; sourceTree = "<group>"; };
		14B4D88B1924E31E00CBEB62 /* Lab Timer-Prefix.pch */ = {isa = PBXFileReference; lastKnownFileType = sourcecode.c.h; path = "Lab Timer-Prefix.pch"; sourceTree = "<group>"; };
		14B4D88D1924E31E00CBEB62 /* en */ = {isa = PBXFileReference; lastKnownFileType = text.rtf; name = en; path = en.lproj/Credits.rtf; sourceTree = "<group>"; };
		14B4D88F1924E31E00CBEB62 /* SZNAppDelegate.h */ = {isa = PBXFileReference; lastKnownFileType = sourcecode.c.h; path = SZNAppDelegate.h; sourceTree = "<group>"; };
		14B4D8901924E31E00CBEB62 /* SZNAppDelegate.m */ = {isa = PBXFileReference; lastKnownFileType = sourcecode.c.objc; path = SZNAppDelegate.m; sourceTree = "<group>"; };
		14B4D8931924E31E00CBEB62 /* Base */ = {isa = PBXFileReference; lastKnownFileType = file.xib; name = Base; path = Base.lproj/MainMenu.xib; sourceTree = "<group>"; };
		14B4D8951924E31E00CBEB62 /* Images.xcassets */ = {isa = PBXFileReference; lastKnownFileType = folder.assetcatalog; path = Images.xcassets; sourceTree = "<group>"; };
		14B4D89B1924E31E00CBEB62 /* Lab TimerTests.xctest */ = {isa = PBXFileReference; explicitFileType = wrapper.cfbundle; includeInIndex = 0; path = "Lab TimerTests.xctest"; sourceTree = BUILT_PRODUCTS_DIR; };
		14B4D89C1924E31E00CBEB62 /* XCTest.framework */ = {isa = PBXFileReference; lastKnownFileType = wrapper.framework; name = XCTest.framework; path = Library/Frameworks/XCTest.framework; sourceTree = DEVELOPER_DIR; };
		14B4D8A31924E31E00CBEB62 /* Lab TimerTests-Info.plist */ = {isa = PBXFileReference; lastKnownFileType = text.plist.xml; path = "Lab TimerTests-Info.plist"; sourceTree = "<group>"; };
		14B4D8A51924E31E00CBEB62 /* en */ = {isa = PBXFileReference; lastKnownFileType = text.plist.strings; name = en; path = en.lproj/InfoPlist.strings; sourceTree = "<group>"; };
		14B4D8A71924E31E00CBEB62 /* Lab_TimerTests.m */ = {isa = PBXFileReference; lastKnownFileType = sourcecode.c.objc; path = Lab_TimerTests.m; sourceTree = "<group>"; };
/* End PBXFileReference section */

/* Begin PBXFrameworksBuildPhase section */
		14B4D8771924E31E00CBEB62 /* Frameworks */ = {
			isa = PBXFrameworksBuildPhase;
			buildActionMask = 2147483647;
			files = (
				14B4D87E1924E31E00CBEB62 /* Cocoa.framework in Frameworks */,
			);
			runOnlyForDeploymentPostprocessing = 0;
		};
		14B4D8981924E31E00CBEB62 /* Frameworks */ = {
			isa = PBXFrameworksBuildPhase;
			buildActionMask = 2147483647;
			files = (
				14B4D89E1924E31E00CBEB62 /* Cocoa.framework in Frameworks */,
				14B4D89D1924E31E00CBEB62 /* XCTest.framework in Frameworks */,
			);
			runOnlyForDeploymentPostprocessing = 0;
		};
/* End PBXFrameworksBuildPhase section */

/* Begin PBXGroup section */
		14B4D8711924E31E00CBEB62 = {
			isa = PBXGroup;
			children = (
				14B4D8831924E31E00CBEB62 /* Lab Timer */,
				14B4D8A11924E31E00CBEB62 /* Lab TimerTests */,
				14B4D87C1924E31E00CBEB62 /* Frameworks */,
				14B4D87B1924E31E00CBEB62 /* Products */,
			);
			sourceTree = "<group>";
		};
		14B4D87B1924E31E00CBEB62 /* Products */ = {
			isa = PBXGroup;
			children = (
				14B4D87A1924E31E00CBEB62 /* Lab Timer.app */,
				14B4D89B1924E31E00CBEB62 /* Lab TimerTests.xctest */,
			);
			name = Products;
			sourceTree = "<group>";
		};
		14B4D87C1924E31E00CBEB62 /* Frameworks */ = {
			isa = PBXGroup;
			children = (
				14B4D87D1924E31E00CBEB62 /* Cocoa.framework */,
				14B4D89C1924E31E00CBEB62 /* XCTest.framework */,
				14B4D87F1924E31E00CBEB62 /* Other Frameworks */,
			);
			name = Frameworks;
			sourceTree = "<group>";
		};
		14B4D87F1924E31E00CBEB62 /* Other Frameworks */ = {
			isa = PBXGroup;
			children = (
				14B4D8801924E31E00CBEB62 /* AppKit.framework */,
				14B4D8811924E31E00CBEB62 /* CoreData.framework */,
				14B4D8821924E31E00CBEB62 /* Foundation.framework */,
			);
			name = "Other Frameworks";
			sourceTree = "<group>";
		};
		14B4D8831924E31E00CBEB62 /* Lab Timer */ = {
			isa = PBXGroup;
			children = (
				14B4D88F1924E31E00CBEB62 /* SZNAppDelegate.h */,
				14B4D8901924E31E00CBEB62 /* SZNAppDelegate.m */,
				14B4D8921924E31E00CBEB62 /* MainMenu.xib */,
				14B4D8951924E31E00CBEB62 /* Images.xcassets */,
				14B4D8841924E31E00CBEB62 /* Supporting Files */,
			);
			path = "Lab Timer";
			sourceTree = "<group>";
		};
		14B4D8841924E31E00CBEB62 /* Supporting Files */ = {
			isa = PBXGroup;
			children = (
				14B4D8851924E31E00CBEB62 /* Lab Timer-Info.plist */,
				14B4D8861924E31E00CBEB62 /* InfoPlist.strings */,
				14B4D8891924E31E00CBEB62 /* main.m */,
				14B4D88B1924E31E00CBEB62 /* Lab Timer-Prefix.pch */,
				14B4D88C1924E31E00CBEB62 /* Credits.rtf */,
			);
			name = "Supporting Files";
			sourceTree = "<group>";
		};
		14B4D8A11924E31E00CBEB62 /* Lab TimerTests */ = {
			isa = PBXGroup;
			children = (
				14B4D8A71924E31E00CBEB62 /* Lab_TimerTests.m */,
				14B4D8A21924E31E00CBEB62 /* Supporting Files */,
			);
			path = "Lab TimerTests";
			sourceTree = "<group>";
		};
		14B4D8A21924E31E00CBEB62 /* Supporting Files */ = {
			isa = PBXGroup;
			children = (
				14B4D8A31924E31E00CBEB62 /* Lab TimerTests-Info.plist */,
				14B4D8A41924E31E00CBEB62 /* InfoPlist.strings */,
			);
			name = "Supporting Files";
			sourceTree = "<group>";
		};
/* End PBXGroup section */

/* Begin PBXNativeTarget section */
		14B4D8791924E31E00CBEB62 /* Lab Timer */ = {
			isa = PBXNativeTarget;
			buildConfigurationList = 14B4D8AB1924E31E00CBEB62 /* Build configuration list for PBXNativeTarget "Lab Timer" */;
			buildPhases = (
				14B4D8761924E31E00CBEB62 /* Sources */,
				14B4D8771924E31E00CBEB62 /* Frameworks */,
				14B4D8781924E31E00CBEB62 /* Resources */,
			);
			buildRules = (
			);
			dependencies = (
			);
			name = "Lab Timer";
			productName = "Lab Timer";
			productReference = 14B4D87A1924E31E00CBEB62 /* Lab Timer.app */;
			productType = "com.apple.product-type.application";
		};
		14B4D89A1924E31E00CBEB62 /* Lab TimerTests */ = {
			isa = PBXNativeTarget;
			buildConfigurationList = 14B4D8AE1924E31E00CBEB62 /* Build configuration list for PBXNativeTarget "Lab TimerTests" */;
			buildPhases = (
				14B4D8971924E31E00CBEB62 /* Sources */,
				14B4D8981924E31E00CBEB62 /* Frameworks */,
				14B4D8991924E31E00CBEB62 /* Resources */,
			);
			buildRules = (
			);
			dependencies = (
				14B4D8A01924E31E00CBEB62 /* PBXTargetDependency */,
			);
			name = "Lab TimerTests";
			productName = "Lab TimerTests";
			productReference = 14B4D89B1924E31E00CBEB62 /* Lab TimerTests.xctest */;
			productType = "com.apple.product-type.bundle.unit-test";
		};
/* End PBXNativeTarget section */

/* Begin PBXProject section */
		14B4D8721924E31E00CBEB62 /* Project object */ = {
			isa = PBXProject;
			attributes = {
				CLASSPREFIX = SZN;
				LastUpgradeCheck = 0510;
				ORGANIZATIONNAME = shazino;
				TargetAttributes = {
					14B4D89A1924E31E00CBEB62 = {
						TestTargetID = 14B4D8791924E31E00CBEB62;
					};
				};
			};
			buildConfigurationList = 14B4D8751924E31E00CBEB62 /* Build configuration list for PBXProject "Lab Timer" */;
			compatibilityVersion = "Xcode 3.2";
			developmentRegion = English;
			hasScannedForEncodings = 0;
			knownRegions = (
				en,
				Base,
			);
			mainGroup = 14B4D8711924E31E00CBEB62;
			productRefGroup = 14B4D87B1924E31E00CBEB62 /* Products */;
			projectDirPath = "";
			projectRoot = "";
			targets = (
				14B4D8791924E31E00CBEB62 /* Lab Timer */,
				14B4D89A1924E31E00CBEB62 /* Lab TimerTests */,
			);
		};
/* End PBXProject section */

/* Begin PBXResourcesBuildPhase section */
		14B4D8781924E31E00CBEB62 /* Resources */ = {
			isa = PBXResourcesBuildPhase;
			buildActionMask = 2147483647;
			files = (
				14B4D8881924E31E00CBEB62 /* InfoPlist.strings in Resources */,
				14B4D8961924E31E00CBEB62 /* Images.xcassets in Resources */,
				14B4D88E1924E31E00CBEB62 /* Credits.rtf in Resources */,
				14B4D8941924E31E00CBEB62 /* MainMenu.xib in Resources */,
			);
			runOnlyForDeploymentPostprocessing = 0;
		};
		14B4D8991924E31E00CBEB62 /* Resources */ = {
			isa = PBXResourcesBuildPhase;
			buildActionMask = 2147483647;
			files = (
				14B4D8A61924E31E00CBEB62 /* InfoPlist.strings in Resources */,
			);
			runOnlyForDeploymentPostprocessing = 0;
		};
/* End PBXResourcesBuildPhase section */

/* Begin PBXSourcesBuildPhase section */
		14B4D8761924E31E00CBEB62 /* Sources */ = {
			isa = PBXSourcesBuildPhase;
			buildActionMask = 2147483647;
			files = (
				14B4D8911924E31E00CBEB62 /* SZNAppDelegate.m in Sources */,
				14B4D88A1924E31E00CBEB62 /* main.m in Sources */,
			);
			runOnlyForDeploymentPostprocessing = 0;
		};
		14B4D8971924E31E00CBEB62 /* Sources */ = {
			isa = PBXSourcesBuildPhase;
			buildActionMask = 2147483647;
			files = (
				14B4D8A81924E31E00CBEB62 /* Lab_TimerTests.m in Sources */,
			);
			runOnlyForDeploymentPostprocessing = 0;
		};
/* End PBXSourcesBuildPhase section */

/* Begin PBXTargetDependency section */
		14B4D8A01924E31E00CBEB62 /* PBXTargetDependency */ = {
			isa = PBXTargetDependency;
			target = 14B4D8791924E31E00CBEB62 /* Lab Timer */;
			targetProxy = 14B4D89F1924E31E00CBEB62 /* PBXContainerItemProxy */;
		};
/* End PBXTargetDependency section */

/* Begin PBXVariantGroup section */
		14B4D8861924E31E00CBEB62 /* InfoPlist.strings */ = {
			isa = PBXVariantGroup;
			children = (
				14B4D8871924E31E00CBEB62 /* en */,
			);
			name = InfoPlist.strings;
			sourceTree = "<group>";
		};
		14B4D88C1924E31E00CBEB62 /* Credits.rtf */ = {
			isa = PBXVariantGroup;
			children = (
				14B4D88D1924E31E00CBEB62 /* en */,
			);
			name = Credits.rtf;
			sourceTree = "<group>";
		};
		14B4D8921924E31E00CBEB62 /* MainMenu.xib */ = {
			isa = PBXVariantGroup;
			children = (
				14B4D8931924E31E00CBEB62 /* Base */,
			);
			name = MainMenu.xib;
			sourceTree = "<group>";
		};
		14B4D8A41924E31E00CBEB62 /* InfoPlist.strings */ = {
			isa = PBXVariantGroup;
			children = (
				14B4D8A51924E31E00CBEB62 /* en */,
			);
			name = InfoPlist.strings;
			sourceTree = "<group>";
		};
/* End PBXVariantGroup section */

/* Begin XCBuildConfiguration section */
		14B4D8A91924E31E00CBEB62 /* Debug */ = {
			isa = XCBuildConfiguration;
			buildSettings = {
				ALWAYS_SEARCH_USER_PATHS = NO;
				CLANG_CXX_LANGUAGE_STANDARD = "gnu++0x";
				CLANG_CXX_LIBRARY = "libc++";
				CLANG_ENABLE_MODULES = YES;
				CLANG_ENABLE_OBJC_ARC = YES;
				CLANG_WARN_BOOL_CONVERSION = YES;
				CLANG_WARN_CONSTANT_CONVERSION = YES;
				CLANG_WARN_DIRECT_OBJC_ISA_USAGE = YES_ERROR;
				CLANG_WARN_EMPTY_BODY = YES;
				CLANG_WARN_ENUM_CONVERSION = YES;
				CLANG_WARN_INT_CONVERSION = YES;
				CLANG_WARN_OBJC_ROOT_CLASS = YES_ERROR;
				CLANG_WARN__DUPLICATE_METHOD_MATCH = YES;
				COPY_PHASE_STRIP = NO;
				GCC_C_LANGUAGE_STANDARD = gnu99;
				GCC_DYNAMIC_NO_PIC = NO;
				GCC_ENABLE_OBJC_EXCEPTIONS = YES;
				GCC_OPTIMIZATION_LEVEL = 0;
				GCC_PREPROCESSOR_DEFINITIONS = (
					"DEBUG=1",
					"$(inherited)",
				);
				GCC_SYMBOLS_PRIVATE_EXTERN = NO;
				GCC_WARN_64_TO_32_BIT_CONVERSION = YES;
				GCC_WARN_ABOUT_RETURN_TYPE = YES_ERROR;
				GCC_WARN_UNDECLARED_SELECTOR = YES;
				GCC_WARN_UNINITIALIZED_AUTOS = YES_AGGRESSIVE;
				GCC_WARN_UNUSED_FUNCTION = YES;
				GCC_WARN_UNUSED_VARIABLE = YES;
				MACOSX_DEPLOYMENT_TARGET = 10.9;
				ONLY_ACTIVE_ARCH = YES;
				SDKROOT = macosx;
			};
			name = Debug;
		};
		14B4D8AA1924E31E00CBEB62 /* Release */ = {
			isa = XCBuildConfiguration;
			buildSettings = {
				ALWAYS_SEARCH_USER_PATHS = NO;
				CLANG_CXX_LANGUAGE_STANDARD = "gnu++0x";
				CLANG_CXX_LIBRARY = "libc++";
				CLANG_ENABLE_MODULES = YES;
				CLANG_ENABLE_OBJC_ARC = YES;
				CLANG_WARN_BOOL_CONVERSION = YES;
				CLANG_WARN_CONSTANT_CONVERSION = YES;
				CLANG_WARN_DIRECT_OBJC_ISA_USAGE = YES_ERROR;
				CLANG_WARN_EMPTY_BODY = YES;
				CLANG_WARN_ENUM_CONVERSION = YES;
				CLANG_WARN_INT_CONVERSION = YES;
				CLANG_WARN_OBJC_ROOT_CLASS = YES_ERROR;
				CLANG_WARN__DUPLICATE_METHOD_MATCH = YES;
				COPY_PHASE_STRIP = YES;
				DEBUG_INFORMATION_FORMAT = "dwarf-with-dsym";
				ENABLE_NS_ASSERTIONS = NO;
				GCC_C_LANGUAGE_STANDARD = gnu99;
				GCC_ENABLE_OBJC_EXCEPTIONS = YES;
				GCC_WARN_64_TO_32_BIT_CONVERSION = YES;
				GCC_WARN_ABOUT_RETURN_TYPE = YES_ERROR;
				GCC_WARN_UNDECLARED_SELECTOR = YES;
				GCC_WARN_UNINITIALIZED_AUTOS = YES_AGGRESSIVE;
				GCC_WARN_UNUSED_FUNCTION = YES;
				GCC_WARN_UNUSED_VARIABLE = YES;
				MACOSX_DEPLOYMENT_TARGET = 10.9;
				SDKROOT = macosx;
			};
			name = Release;
		};
		14B4D8AC1924E31E00CBEB62 /* Debug */ = {
			isa = XCBuildConfiguration;
			buildSettings = {
				ASSETCATALOG_COMPILER_APPICON_NAME = AppIcon;
				COMBINE_HIDPI_IMAGES = YES;
				GCC_PRECOMPILE_PREFIX_HEADER = YES;
				GCC_PREFIX_HEADER = "Lab Timer/Lab Timer-Prefix.pch";
				INFOPLIST_FILE = "Lab Timer/Lab Timer-Info.plist";
				PRODUCT_NAME = "$(TARGET_NAME)";
				WRAPPER_EXTENSION = app;
			};
			name = Debug;
		};
		14B4D8AD1924E31E00CBEB62 /* Release */ = {
			isa = XCBuildConfiguration;
			buildSettings = {
				ASSETCATALOG_COMPILER_APPICON_NAME = AppIcon;
				COMBINE_HIDPI_IMAGES = YES;
				GCC_PRECOMPILE_PREFIX_HEADER = YES;
				GCC_PREFIX_HEADER = "Lab Timer/Lab Timer-Prefix.pch";
				INFOPLIST_FILE = "Lab Timer/Lab Timer-Info.plist";
				PRODUCT_NAME = "$(TARGET_NAME)";
				WRAPPER_EXTENSION = app;
			};
			name = Release;
		};
		14B4D8AF1924E31E00CBEB62 /* Debug */ = {
			isa = XCBuildConfiguration;
			buildSettings = {
				BUNDLE_LOADER = "$(BUILT_PRODUCTS_DIR)/Lab Timer.app/Contents/MacOS/Lab Timer";
				COMBINE_HIDPI_IMAGES = YES;
				FRAMEWORK_SEARCH_PATHS = (
					"$(DEVELOPER_FRAMEWORKS_DIR)",
					"$(inherited)",
				);
				GCC_PRECOMPILE_PREFIX_HEADER = YES;
				GCC_PREFIX_HEADER = "Lab Timer/Lab Timer-Prefix.pch";
				GCC_PREPROCESSOR_DEFINITIONS = (
					"DEBUG=1",
					"$(inherited)",
				);
				INFOPLIST_FILE = "Lab TimerTests/Lab TimerTests-Info.plist";
				PRODUCT_NAME = "$(TARGET_NAME)";
				TEST_HOST = "$(BUNDLE_LOADER)";
				WRAPPER_EXTENSION = xctest;
			};
			name = Debug;
		};
		14B4D8B01924E31E00CBEB62 /* Release */ = {
			isa = XCBuildConfiguration;
			buildSettings = {
				BUNDLE_LOADER = "$(BUILT_PRODUCTS_DIR)/Lab Timer.app/Contents/MacOS/Lab Timer";
				COMBINE_HIDPI_IMAGES = YES;
				FRAMEWORK_SEARCH_PATHS = (
					"$(DEVELOPER_FRAMEWORKS_DIR)",
					"$(inherited)",
				);
				GCC_PRECOMPILE_PREFIX_HEADER = YES;
				GCC_PREFIX_HEADER = "Lab Timer/Lab Timer-Prefix.pch";
				INFOPLIST_FILE = "Lab TimerTests/Lab TimerTests-Info.plist";
				PRODUCT_NAME = "$(TARGET_NAME)";
				TEST_HOST = "$(BUNDLE_LOADER)";
				WRAPPER_EXTENSION = xctest;
			};
			name = Release;
		};
/* End XCBuildConfiguration section */

/* Begin XCConfigurationList section */
		14B4D8751924E31E00CBEB62 /* Build configuration list for PBXProject "Lab Timer" */ = {
			isa = XCConfigurationList;
			buildConfigurations = (
				14B4D8A91924E31E00CBEB62 /* Debug */,
				14B4D8AA1924E31E00CBEB62 /* Release */,
			);
			defaultConfigurationIsVisible = 0;
			defaultConfigurationName = Release;
		};
		14B4D8AB1924E31E00CBEB62 /* Build configuration list for PBXNativeTarget "Lab Timer" */ = {
			isa = XCConfigurationList;
			buildConfigurations = (
				14B4D8AC1924E31E00CBEB62 /* Debug */,
				14B4D8AD1924E31E00CBEB62 /* Release */,
			);
			defaultConfigurationIsVisible = 0;
			defaultConfigurationName = Release;
		};
		14B4D8AE1924E31E00CBEB62 /* Build configuration list for PBXNativeTarget "Lab TimerTests" */ = {
			isa = XCConfigurationList;
			buildConfigurations = (
				14B4D8AF1924E31E00CBEB62 /* Debug */,
				14B4D8B01924E31E00CBEB62 /* Release */,
			);
			defaultConfigurationIsVisible = 0;
			defaultConfigurationName = Release;
		};
/* End XCConfigurationList section */
	};
	rootObject = 14B4D8721924E31E00CBEB62 /* Project object */;
}
